
Microsoft Visual Studio Solution File, Format Version 12.00
# Visual Studio Version 16
VisualStudioVersion = 16.0.30320.27
MinimumVisualStudioVersion = 10.0.40219.1
Project("{FAE04EC0-301F-11D3-BF4B-00C04F79EFBC}") = "BreakOut Game", "BreakOut Game.csproj", "{773AB2E2-B577-422A-A07A-C92F4B0A4612}"
EndProject
Global
	GlobalSection(SolutionConfigurationPlatforms) = preSolution
		Debug|Any CPU = Debug|Any CPU
		Release|Any CPU = Release|Any CPU
	EndGlobalSection
	GlobalSection(ProjectConfigurationPlatforms) = postSolution
		{773AB2E2-B577-422A-A07A-C92F4B0A4612}.Debug|Any CPU.ActiveCfg = Debug|Any CPU
		{773AB2E2-B577-422A-A07A-C92F4B0A4612}.Debug|Any CPU.Build.0 = Debug|Any CPU
		{773AB2E2-B577-422A-A07A-C92F4B0A4612}.Release|Any CPU.ActiveCfg = Release|Any CPU
		{773AB2E2-B577-422A-A07A-C92F4B0A4612}.Release|Any CPU.Build.0 = Release|Any CPU
	EndGlobalSection
	GlobalSection(SolutionProperties) = preSolution
		HideSolutionNode = FALSE
	EndGlobalSection
	GlobalSection(ExtensibilityGlobals) = postSolution
		SolutionGuid = {DB77B75A-9295-46F9-B642-28D3ABFD50C8}
	EndGlobalSection
EndGlobal
